
Microsoft Visual Studio Solution File, Format Version 12.00
# Visual Studio Version 16
VisualStudioVersion = 16.0.30011.22
MinimumVisualStudioVersion = 10.0.40219.1
Project("{FAE04EC0-301F-11D3-BF4B-00C04F79EFBC}") = "Aula01AspNetMVC", "Aula01AspNetMVC\Aula01AspNetMVC.csproj", "{A07FEC58-DD97-4E24-B62D-5D2BAFEB6970}"
EndProject
Global
	GlobalSection(SolutionConfigurationPlatforms) = preSolution
		Debug|Any CPU = Debug|Any CPU
		Release|Any CPU = Release|Any CPU
	EndGlobalSection
	GlobalSection(ProjectConfigurationPlatforms) = postSolution
		{A07FEC58-DD97-4E24-B62D-5D2BAFEB6970}.Debug|Any CPU.ActiveCfg = Debug|Any CPU
		{A07FEC58-DD97-4E24-B62D-5D2BAFEB6970}.Debug|Any CPU.Build.0 = Debug|Any CPU
		{A07FEC58-DD97-4E24-B62D-5D2BAFEB6970}.Release|Any CPU.ActiveCfg = Release|Any CPU
		{A07FEC58-DD97-4E24-B62D-5D2BAFEB6970}.Release|Any CPU.Build.0 = Release|Any CPU
	EndGlobalSection
	GlobalSection(SolutionProperties) = preSolution
		HideSolutionNode = FALSE
	EndGlobalSection
	GlobalSection(ExtensibilityGlobals) = postSolution
		SolutionGuid = {1B0B2B98-C58B-4897-A530-8D65E9C82FB7}
	EndGlobalSection
EndGlobal
